
Microsoft Visual Studio Solution File, Format Version 12.00
# Visual Studio Version 17
VisualStudioVersion = 17.8.34316.72
MinimumVisualStudioVersion = 10.0.40219.1
Project("{2150E333-8FDC-42A3-9474-1A3956D46DE8}") = "ApiGateways", "ApiGateways", "{0F820B01-614E-4DD9-957C-D24D61D7E2E3}"
EndProject
Project("{2150E333-8FDC-42A3-9474-1A3956D46DE8}") = "Services", "Services", "{CF37AE6A-F27E-4B36-A94B-7D9FDA3590C1}"
EndProject
Project("{2150E333-8FDC-42A3-9474-1A3956D46DE8}") = "BuildingBlocks", "BuildingBlocks", "{42781DF0-CCE4-442F-9311-365F1E967E22}"
EndProject
Project("{2150E333-8FDC-42A3-9474-1A3956D46DE8}") = "User", "User", "{12F8CC69-ADB2-4580-87BF-70610D3252F7}"
EndProject
Project("{2150E333-8FDC-42A3-9474-1A3956D46DE8}") = "Order", "Order", "{009FE34D-5D37-48BF-82F2-86DF97A3346B}"
EndProject
Project("{2150E333-8FDC-42A3-9474-1A3956D46DE8}") = "Notification", "Notification", "{EF084F80-3C27-4840-A048-DAA18816340D}"
EndProject
Project("{9A19103F-16F7-4668-BE54-9A1E7A4F7556}") = "Common.Logging", "BuildingBlocks\Common.Logging\Common.Logging.csproj", "{B3189F30-4ABB-4AD1-9E2F-470AF40CE72B}"
EndProject
Project("{9A19103F-16F7-4668-BE54-9A1E7A4F7556}") = "OcelotApiGateway", "ApiGateways\OcelotApiGateway\OcelotApiGateway.csproj", "{9DBF83BC-E4A1-4004-B7F9-672B3CD10729}"
EndProject
Project("{9A19103F-16F7-4668-BE54-9A1E7A4F7556}") = "EventBus.Messages", "BuildingBlocks\EventBus.Messages\EventBus.Messages.csproj", "{26EF9DEC-FA79-4DD6-8059-554D8649BC41}"
EndProject
Project("{E53339B2-1760-4266-BCC7-CA923CBCF16C}") = "docker-compose", "docker-compose.dcproj", "{AF673A8C-9964-4B7D-927A-E96D81A3B7E2}"
EndProject
Project("{9A19103F-16F7-4668-BE54-9A1E7A4F7556}") = "User.API", "Services\User\User.API\User.API.csproj", "{1CA623E1-1448-4919-A5F0-9515E004021C}"
EndProject
Project("{9A19103F-16F7-4668-BE54-9A1E7A4F7556}") = "User.Application", "Services\User\User.Application\User.Application.csproj", "{B6BF17FB-22FE-49C6-A7C4-B2A98876F157}"
EndProject
Project("{9A19103F-16F7-4668-BE54-9A1E7A4F7556}") = "User.Domain", "Services\User\User.Domain\User.Domain.csproj", "{5DFC2221-800A-46C4-BBA4-D9C5A2D22041}"
EndProject
Project("{9A19103F-16F7-4668-BE54-9A1E7A4F7556}") = "User.Infrastructure", "Services\User\User.Infrastructure\User.Infrastructure.csproj", "{5A422DBE-EA59-4B57-8A60-A4EC8257DAD3}"
EndProject
Project("{9A19103F-16F7-4668-BE54-9A1E7A4F7556}") = "Order.API", "Services\Order\Order.API\Order.API.csproj", "{2B70F561-5F03-4B09-B6CE-B590FB26FD9D}"
EndProject
Project("{9A19103F-16F7-4668-BE54-9A1E7A4F7556}") = "Order.Application", "Services\Order\Order.Application\Order.Application.csproj", "{DF2C73DE-60F4-4524-A762-20E18FA58414}"
EndProject
Project("{9A19103F-16F7-4668-BE54-9A1E7A4F7556}") = "Order.Domain", "Services\Order\Order.Domain\Order.Domain.csproj", "{03D4E74D-9E54-4DDD-9994-0324F5D9B7EA}"
EndProject
Project("{9A19103F-16F7-4668-BE54-9A1E7A4F7556}") = "Order.Infrastructure", "Services\Order\Order.Infrastructure\Order.Infrastructure.csproj", "{07807C6E-EF1E-4734-9A46-8BF962021B0D}"
EndProject
Project("{9A19103F-16F7-4668-BE54-9A1E7A4F7556}") = "Notification.API", "Services\Notification\Notification.API\Notification.API.csproj", "{A3A8F684-CD0E-4BDF-AD0C-1B21388D473C}"
EndProject
Global
	GlobalSection(SolutionConfigurationPlatforms) = preSolution
		Debug|Any CPU = Debug|Any CPU
		Release|Any CPU = Release|Any CPU
	EndGlobalSection
	GlobalSection(ProjectConfigurationPlatforms) = postSolution
		{B3189F30-4ABB-4AD1-9E2F-470AF40CE72B}.Debug|Any CPU.ActiveCfg = Debug|Any CPU
		{B3189F30-4ABB-4AD1-9E2F-470AF40CE72B}.Debug|Any CPU.Build.0 = Debug|Any CPU
		{B3189F30-4ABB-4AD1-9E2F-470AF40CE72B}.Release|Any CPU.ActiveCfg = Release|Any CPU
		{B3189F30-4ABB-4AD1-9E2F-470AF40CE72B}.Release|Any CPU.Build.0 = Release|Any CPU
		{9DBF83BC-E4A1-4004-B7F9-672B3CD10729}.Debug|Any CPU.ActiveCfg = Debug|Any CPU
		{9DBF83BC-E4A1-4004-B7F9-672B3CD10729}.Debug|Any CPU.Build.0 = Debug|Any CPU
		{9DBF83BC-E4A1-4004-B7F9-672B3CD10729}.Release|Any CPU.ActiveCfg = Release|Any CPU
		{9DBF83BC-E4A1-4004-B7F9-672B3CD10729}.Release|Any CPU.Build.0 = Release|Any CPU
		{26EF9DEC-FA79-4DD6-8059-554D8649BC41}.Debug|Any CPU.ActiveCfg = Debug|Any CPU
		{26EF9DEC-FA79-4DD6-8059-554D8649BC41}.Debug|Any CPU.Build.0 = Debug|Any CPU
		{26EF9DEC-FA79-4DD6-8059-554D8649BC41}.Release|Any CPU.ActiveCfg = Release|Any CPU
		{26EF9DEC-FA79-4DD6-8059-554D8649BC41}.Release|Any CPU.Build.0 = Release|Any CPU
		{AF673A8C-9964-4B7D-927A-E96D81A3B7E2}.Debug|Any CPU.ActiveCfg = Debug|Any CPU
		{AF673A8C-9964-4B7D-927A-E96D81A3B7E2}.Debug|Any CPU.Build.0 = Debug|Any CPU
		{AF673A8C-9964-4B7D-927A-E96D81A3B7E2}.Release|Any CPU.ActiveCfg = Release|Any CPU
		{AF673A8C-9964-4B7D-927A-E96D81A3B7E2}.Release|Any CPU.Build.0 = Release|Any CPU
		{1CA623E1-1448-4919-A5F0-9515E004021C}.Debug|Any CPU.ActiveCfg = Debug|Any CPU
		{1CA623E1-1448-4919-A5F0-9515E004021C}.Debug|Any CPU.Build.0 = Debug|Any CPU
		{1CA623E1-1448-4919-A5F0-9515E004021C}.Release|Any CPU.ActiveCfg = Release|Any CPU
		{1CA623E1-1448-4919-A5F0-9515E004021C}.Release|Any CPU.Build.0 = Release|Any CPU
		{B6BF17FB-22FE-49C6-A7C4-B2A98876F157}.Debug|Any CPU.ActiveCfg = Debug|Any CPU
		{B6BF17FB-22FE-49C6-A7C4-B2A98876F157}.Debug|Any CPU.Build.0 = Debug|Any CPU
		{B6BF17FB-22FE-49C6-A7C4-B2A98876F157}.Release|Any CPU.ActiveCfg = Release|Any CPU
		{B6BF17FB-22FE-49C6-A7C4-B2A98876F157}.Release|Any CPU.Build.0 = Release|Any CPU
		{5DFC2221-800A-46C4-BBA4-D9C5A2D22041}.Debug|Any CPU.ActiveCfg = Debug|Any CPU
		{5DFC2221-800A-46C4-BBA4-D9C5A2D22041}.Debug|Any CPU.Build.0 = Debug|Any CPU
		{5DFC2221-800A-46C4-BBA4-D9C5A2D22041}.Release|Any CPU.ActiveCfg = Release|Any CPU
		{5DFC2221-800A-46C4-BBA4-D9C5A2D22041}.Release|Any CPU.Build.0 = Release|Any CPU
		{5A422DBE-EA59-4B57-8A60-A4EC8257DAD3}.Debug|Any CPU.ActiveCfg = Debug|Any CPU
		{5A422DBE-EA59-4B57-8A60-A4EC8257DAD3}.Debug|Any CPU.Build.0 = Debug|Any CPU
		{5A422DBE-EA59-4B57-8A60-A4EC8257DAD3}.Release|Any CPU.ActiveCfg = Release|Any CPU
		{5A422DBE-EA59-4B57-8A60-A4EC8257DAD3}.Release|Any CPU.Build.0 = Release|Any CPU
		{2B70F561-5F03-4B09-B6CE-B590FB26FD9D}.Debug|Any CPU.ActiveCfg = Debug|Any CPU
		{2B70F561-5F03-4B09-B6CE-B590FB26FD9D}.Debug|Any CPU.Build.0 = Debug|Any CPU
		{2B70F561-5F03-4B09-B6CE-B590FB26FD9D}.Release|Any CPU.ActiveCfg = Release|Any CPU
		{2B70F561-5F03-4B09-B6CE-B590FB26FD9D}.Release|Any CPU.Build.0 = Release|Any CPU
		{DF2C73DE-60F4-4524-A762-20E18FA58414}.Debug|Any CPU.ActiveCfg = Debug|Any CPU
		{DF2C73DE-60F4-4524-A762-20E18FA58414}.Debug|Any CPU.Build.0 = Debug|Any CPU
		{DF2C73DE-60F4-4524-A762-20E18FA58414}.Release|Any CPU.ActiveCfg = Release|Any CPU
		{DF2C73DE-60F4-4524-A762-20E18FA58414}.Release|Any CPU.Build.0 = Release|Any CPU
		{03D4E74D-9E54-4DDD-9994-0324F5D9B7EA}.Debug|Any CPU.ActiveCfg = Debug|Any CPU
		{03D4E74D-9E54-4DDD-9994-0324F5D9B7EA}.Debug|Any CPU.Build.0 = Debug|Any CPU
		{03D4E74D-9E54-4DDD-9994-0324F5D9B7EA}.Release|Any CPU.ActiveCfg = Release|Any CPU
		{03D4E74D-9E54-4DDD-9994-0324F5D9B7EA}.Release|Any CPU.Build.0 = Release|Any CPU
		{07807C6E-EF1E-4734-9A46-8BF962021B0D}.Debug|Any CPU.ActiveCfg = Debug|Any CPU
		{07807C6E-EF1E-4734-9A46-8BF962021B0D}.Debug|Any CPU.Build.0 = Debug|Any CPU
		{07807C6E-EF1E-4734-9A46-8BF962021B0D}.Release|Any CPU.ActiveCfg = Release|Any CPU
		{07807C6E-EF1E-4734-9A46-8BF962021B0D}.Release|Any CPU.Build.0 = Release|Any CPU
		{A3A8F684-CD0E-4BDF-AD0C-1B21388D473C}.Debug|Any CPU.ActiveCfg = Debug|Any CPU
		{A3A8F684-CD0E-4BDF-AD0C-1B21388D473C}.Debug|Any CPU.Build.0 = Debug|Any CPU
		{A3A8F684-CD0E-4BDF-AD0C-1B21388D473C}.Release|Any CPU.ActiveCfg = Release|Any CPU
		{A3A8F684-CD0E-4BDF-AD0C-1B21388D473C}.Release|Any CPU.Build.0 = Release|Any CPU
	EndGlobalSection
	GlobalSection(SolutionProperties) = preSolution
		HideSolutionNode = FALSE
	EndGlobalSection
	GlobalSection(NestedProjects) = preSolution
		{12F8CC69-ADB2-4580-87BF-70610D3252F7} = {CF37AE6A-F27E-4B36-A94B-7D9FDA3590C1}
		{009FE34D-5D37-48BF-82F2-86DF97A3346B} = {CF37AE6A-F27E-4B36-A94B-7D9FDA3590C1}
		{EF084F80-3C27-4840-A048-DAA18816340D} = {CF37AE6A-F27E-4B36-A94B-7D9FDA3590C1}
		{B3189F30-4ABB-4AD1-9E2F-470AF40CE72B} = {42781DF0-CCE4-442F-9311-365F1E967E22}
		{9DBF83BC-E4A1-4004-B7F9-672B3CD10729} = {0F820B01-614E-4DD9-957C-D24D61D7E2E3}
		{26EF9DEC-FA79-4DD6-8059-554D8649BC41} = {42781DF0-CCE4-442F-9311-365F1E967E22}
		{1CA623E1-1448-4919-A5F0-9515E004021C} = {12F8CC69-ADB2-4580-87BF-70610D3252F7}
		{B6BF17FB-22FE-49C6-A7C4-B2A98876F157} = {12F8CC69-ADB2-4580-87BF-70610D3252F7}
		{5DFC2221-800A-46C4-BBA4-D9C5A2D22041} = {12F8CC69-ADB2-4580-87BF-70610D3252F7}
		{5A422DBE-EA59-4B57-8A60-A4EC8257DAD3} = {12F8CC69-ADB2-4580-87BF-70610D3252F7}
		{2B70F561-5F03-4B09-B6CE-B590FB26FD9D} = {009FE34D-5D37-48BF-82F2-86DF97A3346B}
		{DF2C73DE-60F4-4524-A762-20E18FA58414} = {009FE34D-5D37-48BF-82F2-86DF97A3346B}
		{03D4E74D-9E54-4DDD-9994-0324F5D9B7EA} = {009FE34D-5D37-48BF-82F2-86DF97A3346B}
		{07807C6E-EF1E-4734-9A46-8BF962021B0D} = {009FE34D-5D37-48BF-82F2-86DF97A3346B}
		{A3A8F684-CD0E-4BDF-AD0C-1B21388D473C} = {EF084F80-3C27-4840-A048-DAA18816340D}
	EndGlobalSection
	GlobalSection(ExtensibilityGlobals) = postSolution
		SolutionGuid = {B8752804-FEC8-4A60-B7EA-09C18E44756F}
	EndGlobalSection
EndGlobal
